
Microsoft Visual Studio Solution File, Format Version 12.00
# Visual Studio 15
VisualStudioVersion = 15.0.28307.329
MinimumVisualStudioVersion = 10.0.40219.1
Project("{FAE04EC0-301F-11D3-BF4B-00C04F79EFBC}") = "ControlPanel", "ControlPanel.csproj", "{8210EDBC-D7B8-466E-860C-8C39ACDB4DE8}"
EndProject
Global
	GlobalSection(SolutionConfigurationPlatforms) = preSolution
		Debug|Any CPU = Debug|Any CPU
		Release|Any CPU = Release|Any CPU
	EndGlobalSection
	GlobalSection(ProjectConfigurationPlatforms) = postSolution
		{8210EDBC-D7B8-466E-860C-8C39ACDB4DE8}.Debug|Any CPU.ActiveCfg = Debug|Any CPU
		{8210EDBC-D7B8-466E-860C-8C39ACDB4DE8}.Debug|Any CPU.Build.0 = Debug|Any CPU
		{8210EDBC-D7B8-466E-860C-8C39ACDB4DE8}.Release|Any CPU.ActiveCfg = Release|Any CPU
		{8210EDBC-D7B8-466E-860C-8C39ACDB4DE8}.Release|Any CPU.Build.0 = Release|Any CPU
	EndGlobalSection
	GlobalSection(SolutionProperties) = preSolution
		HideSolutionNode = FALSE
	EndGlobalSection
	GlobalSection(ExtensibilityGlobals) = postSolution
		SolutionGuid = {574B81D2-EC54-49B0-BEBA-1459C485CA4B}
	EndGlobalSection
EndGlobal
