
Microsoft Visual Studio Solution File, Format Version 12.00
# Visual Studio 15
VisualStudioVersion = 15.0.28307.329
MinimumVisualStudioVersion = 10.0.40219.1
Project("{FAE04EC0-301F-11D3-BF4B-00C04F79EFBC}") = "Start", "Start.csproj", "{A28F4A94-DFC4-4C28-9CE8-2110A4400966}"
EndProject
Global
	GlobalSection(SolutionConfigurationPlatforms) = preSolution
		Debug|Any CPU = Debug|Any CPU
		Release|Any CPU = Release|Any CPU
	EndGlobalSection
	GlobalSection(ProjectConfigurationPlatforms) = postSolution
		{A28F4A94-DFC4-4C28-9CE8-2110A4400966}.Debug|Any CPU.ActiveCfg = Debug|Any CPU
		{A28F4A94-DFC4-4C28-9CE8-2110A4400966}.Debug|Any CPU.Build.0 = Debug|Any CPU
		{A28F4A94-DFC4-4C28-9CE8-2110A4400966}.Release|Any CPU.ActiveCfg = Release|Any CPU
		{A28F4A94-DFC4-4C28-9CE8-2110A4400966}.Release|Any CPU.Build.0 = Release|Any CPU
	EndGlobalSection
	GlobalSection(SolutionProperties) = preSolution
		HideSolutionNode = FALSE
	EndGlobalSection
	GlobalSection(ExtensibilityGlobals) = postSolution
		SolutionGuid = {C1FFB507-5CF6-4994-808B-D38606AAB012}
	EndGlobalSection
EndGlobal
