
Microsoft Visual Studio Solution File, Format Version 12.00
# Visual Studio Version 16
VisualStudioVersion = 16.0.30611.23
MinimumVisualStudioVersion = 10.0.40219.1
Project("{FAE04EC0-301F-11D3-BF4B-00C04F79EFBC}") = "StartScreen", "StartScreen.csproj", "{106F5CCF-05F9-4A0B-87FA-65D45F43D49D}"
EndProject
Global
	GlobalSection(SolutionConfigurationPlatforms) = preSolution
		Debug|Any CPU = Debug|Any CPU
		Release|Any CPU = Release|Any CPU
	EndGlobalSection
	GlobalSection(ProjectConfigurationPlatforms) = postSolution
		{106F5CCF-05F9-4A0B-87FA-65D45F43D49D}.Debug|Any CPU.ActiveCfg = Debug|Any CPU
		{106F5CCF-05F9-4A0B-87FA-65D45F43D49D}.Debug|Any CPU.Build.0 = Debug|Any CPU
		{106F5CCF-05F9-4A0B-87FA-65D45F43D49D}.Release|Any CPU.ActiveCfg = Release|Any CPU
		{106F5CCF-05F9-4A0B-87FA-65D45F43D49D}.Release|Any CPU.Build.0 = Release|Any CPU
	EndGlobalSection
	GlobalSection(SolutionProperties) = preSolution
		HideSolutionNode = FALSE
	EndGlobalSection
	GlobalSection(ExtensibilityGlobals) = postSolution
		SolutionGuid = {E4B60499-1BCD-4B44-B8EE-E2F22D74CBEE}
	EndGlobalSection
EndGlobal
